
Microsoft Visual Studio Solution File, Format Version 12.00
# Visual Studio Version 17
VisualStudioVersion = 17.5.002.0
MinimumVisualStudioVersion = 10.0.40219.1
Project("{9A19103F-16F7-4668-BE54-9A1E7A4F7556}") = "CuponesV2", "CuponesV2.csproj", "{4DFD574C-14EF-421C-983A-3C9050B7C7AA}"
EndProject
Global
	GlobalSection(SolutionConfigurationPlatforms) = preSolution
		Debug|Any CPU = Debug|Any CPU
		Release|Any CPU = Release|Any CPU
	EndGlobalSection
	GlobalSection(ProjectConfigurationPlatforms) = postSolution
		{4DFD574C-14EF-421C-983A-3C9050B7C7AA}.Debug|Any CPU.ActiveCfg = Debug|Any CPU
		{4DFD574C-14EF-421C-983A-3C9050B7C7AA}.Debug|Any CPU.Build.0 = Debug|Any CPU
		{4DFD574C-14EF-421C-983A-3C9050B7C7AA}.Release|Any CPU.ActiveCfg = Release|Any CPU
		{4DFD574C-14EF-421C-983A-3C9050B7C7AA}.Release|Any CPU.Build.0 = Release|Any CPU
	EndGlobalSection
	GlobalSection(SolutionProperties) = preSolution
		HideSolutionNode = FALSE
	EndGlobalSection
	GlobalSection(ExtensibilityGlobals) = postSolution
		SolutionGuid = {0C73C265-14E2-4913-B658-579E553A3507}
	EndGlobalSection
EndGlobal
